// !$*UTF8*$!
{
	archiveVersion = 1;
	classes = {
	};
	objectVersion = 50;
	objects = {

/* Begin PBXBuildFile section */
		282F9201226EDDFB00222A5F /* AppDelegate.swift in Sources */ = {isa = PBXBuildFile; fileRef = 282F9200226EDDFB00222A5F /* AppDelegate.swift */; };
		282F9203226EDDFB00222A5F /* ViewController.swift in Sources */ = {isa = PBXBuildFile; fileRef = 282F9202226EDDFB00222A5F /* ViewController.swift */; };
		282F9206226EDDFB00222A5F /* Main.storyboard in Resources */ = {isa = PBXBuildFile; fileRef = 282F9204226EDDFB00222A5F /* Main.storyboard */; };
		282F9208226EDDFD00222A5F /* Assets.xcassets in Resources */ = {isa = PBXBuildFile; fileRef = 282F9207226EDDFD00222A5F /* Assets.xcassets */; };
		282F920B226EDDFD00222A5F /* LaunchScreen.storyboard in Resources */ = {isa = PBXBuildFile; fileRef = 282F9209226EDDFD00222A5F /* LaunchScreen.storyboard */; };
		282F9213226FE0D400222A5F /* CheckBox.swift in Sources */ = {isa = PBXBuildFile; fileRef = 282F9212226FE0D400222A5F /* CheckBox.swift */; };
		286D7B9222700A86005A034A /* Item.swift in Sources */ = {isa = PBXBuildFile; fileRef = 286D7B9122700A86005A034A /* Item.swift */; };
		286D7B94227021A0005A034A /* ItemTableViewCell.swift in Sources */ = {isa = PBXBuildFile; fileRef = 286D7B93227021A0005A034A /* ItemTableViewCell.swift */; };
		286D7B96227025AB005A034A /* ItemTableViewController.swift in Sources */ = {isa = PBXBuildFile; fileRef = 286D7B95227025AA005A034A /* ItemTableViewController.swift */; };
		286D7B982270568E005A034A /* WishHeart.swift in Sources */ = {isa = PBXBuildFile; fileRef = 286D7B972270568E005A034A /* WishHeart.swift */; };
		286D7B9A22713AEC005A034A /* ItemDetailViewController.swift in Sources */ = {isa = PBXBuildFile; fileRef = 286D7B9922713AEC005A034A /* ItemDetailViewController.swift */; };
		286D7B9C22715F4A005A034A /* InfoTabViewController.swift in Sources */ = {isa = PBXBuildFile; fileRef = 286D7B9B22715F4A005A034A /* InfoTabViewController.swift */; };
		286D7B9E22716039005A034A /* ShippingTabViewController.swift in Sources */ = {isa = PBXBuildFile; fileRef = 286D7B9D22716039005A034A /* ShippingTabViewController.swift */; };
		286D7BA022716056005A034A /* PhotosTabViewController.swift in Sources */ = {isa = PBXBuildFile; fileRef = 286D7B9F22716056005A034A /* PhotosTabViewController.swift */; };
		286D7BA22271606C005A034A /* SimilarTabViewController.swift in Sources */ = {isa = PBXBuildFile; fileRef = 286D7BA12271606C005A034A /* SimilarTabViewController.swift */; };
		3376DE77847B76361624BF7C /* Pods_EbayApp.framework in Frameworks */ = {isa = PBXBuildFile; fileRef = 39C6E621144D67A1A393F608 /* Pods_EbayApp.framework */; };
/* End PBXBuildFile section */

/* Begin PBXFileReference section */
		282F91FD226EDDFB00222A5F /* EbayApp.app */ = {isa = PBXFileReference; explicitFileType = wrapper.application; includeInIndex = 0; path = EbayApp.app; sourceTree = BUILT_PRODUCTS_DIR; };
		282F9200226EDDFB00222A5F /* AppDelegate.swift */ = {isa = PBXFileReference; lastKnownFileType = sourcecode.swift; path = AppDelegate.swift; sourceTree = "<group>"; };
		282F9202226EDDFB00222A5F /* ViewController.swift */ = {isa = PBXFileReference; lastKnownFileType = sourcecode.swift; path = ViewController.swift; sourceTree = "<group>"; };
		282F9205226EDDFB00222A5F /* Base */ = {isa = PBXFileReference; lastKnownFileType = file.storyboard; name = Base; path = Base.lproj/Main.storyboard; sourceTree = "<group>"; };
		282F9207226EDDFD00222A5F /* Assets.xcassets */ = {isa = PBXFileReference; lastKnownFileType = folder.assetcatalog; path = Assets.xcassets; sourceTree = "<group>"; };
		282F920A226EDDFD00222A5F /* Base */ = {isa = PBXFileReference; lastKnownFileType = file.storyboard; name = Base; path = Base.lproj/LaunchScreen.storyboard; sourceTree = "<group>"; };
		282F920C226EDDFD00222A5F /* Info.plist */ = {isa = PBXFileReference; lastKnownFileType = text.plist.xml; path = Info.plist; sourceTree = "<group>"; };
		282F9212226FE0D400222A5F /* CheckBox.swift */ = {isa = PBXFileReference; lastKnownFileType = sourcecode.swift; path = CheckBox.swift; sourceTree = "<group>"; };
		286D7B9122700A86005A034A /* Item.swift */ = {isa = PBXFileReference; lastKnownFileType = sourcecode.swift; path = Item.swift; sourceTree = "<group>"; };
		286D7B93227021A0005A034A /* ItemTableViewCell.swift */ = {isa = PBXFileReference; lastKnownFileType = sourcecode.swift; path = ItemTableViewCell.swift; sourceTree = "<group>"; };
		286D7B95227025AA005A034A /* ItemTableViewController.swift */ = {isa = PBXFileReference; lastKnownFileType = sourcecode.swift; path = ItemTableViewController.swift; sourceTree = "<group>"; };
		286D7B972270568E005A034A /* WishHeart.swift */ = {isa = PBXFileReference; lastKnownFileType = sourcecode.swift; path = WishHeart.swift; sourceTree = "<group>"; };
		286D7B9922713AEC005A034A /* ItemDetailViewController.swift */ = {isa = PBXFileReference; lastKnownFileType = sourcecode.swift; path = ItemDetailViewController.swift; sourceTree = "<group>"; };
		286D7B9B22715F4A005A034A /* InfoTabViewController.swift */ = {isa = PBXFileReference; lastKnownFileType = sourcecode.swift; path = InfoTabViewController.swift; sourceTree = "<group>"; };
		286D7B9D22716039005A034A /* ShippingTabViewController.swift */ = {isa = PBXFileReference; lastKnownFileType = sourcecode.swift; path = ShippingTabViewController.swift; sourceTree = "<group>"; };
		286D7B9F22716056005A034A /* PhotosTabViewController.swift */ = {isa = PBXFileReference; lastKnownFileType = sourcecode.swift; path = PhotosTabViewController.swift; sourceTree = "<group>"; };
		286D7BA12271606C005A034A /* SimilarTabViewController.swift */ = {isa = PBXFileReference; lastKnownFileType = sourcecode.swift; path = SimilarTabViewController.swift; sourceTree = "<group>"; };
		39C6E621144D67A1A393F608 /* Pods_EbayApp.framework */ = {isa = PBXFileReference; explicitFileType = wrapper.framework; includeInIndex = 0; path = Pods_EbayApp.framework; sourceTree = BUILT_PRODUCTS_DIR; };
		5354AACE7C1257DA0A1F0840 /* Pods-EbayApp.debug.xcconfig */ = {isa = PBXFileReference; includeInIndex = 1; lastKnownFileType = text.xcconfig; name = "Pods-EbayApp.debug.xcconfig"; path = "Target Support Files/Pods-EbayApp/Pods-EbayApp.debug.xcconfig"; sourceTree = "<group>"; };
		CC4F45024E618C4D276A40FE /* Pods-EbayApp.release.xcconfig */ = {isa = PBXFileReference; includeInIndex = 1; lastKnownFileType = text.xcconfig; name = "Pods-EbayApp.release.xcconfig"; path = "Target Support Files/Pods-EbayApp/Pods-EbayApp.release.xcconfig"; sourceTree = "<group>"; };
/* End PBXFileReference section */

/* Begin PBXFrameworksBuildPhase section */
		282F91FA226EDDFB00222A5F /* Frameworks */ = {
			isa = PBXFrameworksBuildPhase;
			buildActionMask = 2147483647;
			files = (
				3376DE77847B76361624BF7C /* Pods_EbayApp.framework in Frameworks */,
			);
			runOnlyForDeploymentPostprocessing = 0;
		};
/* End PBXFrameworksBuildPhase section */

/* Begin PBXGroup section */
		282F91F4226EDDFB00222A5F = {
			isa = PBXGroup;
			children = (
				282F91FF226EDDFB00222A5F /* EbayApp */,
				282F91FE226EDDFB00222A5F /* Products */,
				CB504E9CB9784F3713D55DA8 /* Pods */,
				97B8853BCE1DE3533947A241 /* Frameworks */,
			);
			sourceTree = "<group>";
		};
		282F91FE226EDDFB00222A5F /* Products */ = {
			isa = PBXGroup;
			children = (
				282F91FD226EDDFB00222A5F /* EbayApp.app */,
			);
			name = Products;
			sourceTree = "<group>";
		};
		282F91FF226EDDFB00222A5F /* EbayApp */ = {
			isa = PBXGroup;
			children = (
				282F9200226EDDFB00222A5F /* AppDelegate.swift */,
				282F9202226EDDFB00222A5F /* ViewController.swift */,
				282F9204226EDDFB00222A5F /* Main.storyboard */,
				286D7B9922713AEC005A034A /* ItemDetailViewController.swift */,
				286D7B95227025AA005A034A /* ItemTableViewController.swift */,
				282F9207226EDDFD00222A5F /* Assets.xcassets */,
				282F9209226EDDFD00222A5F /* LaunchScreen.storyboard */,
				282F920C226EDDFD00222A5F /* Info.plist */,
				282F9212226FE0D400222A5F /* CheckBox.swift */,
				286D7B972270568E005A034A /* WishHeart.swift */,
				286D7B9122700A86005A034A /* Item.swift */,
				286D7B93227021A0005A034A /* ItemTableViewCell.swift */,
				286D7B9B22715F4A005A034A /* InfoTabViewController.swift */,
				286D7B9D22716039005A034A /* ShippingTabViewController.swift */,
				286D7B9F22716056005A034A /* PhotosTabViewController.swift */,
				286D7BA12271606C005A034A /* SimilarTabViewController.swift */,
			);
			path = EbayApp;
			sourceTree = "<group>";
		};
		97B8853BCE1DE3533947A241 /* Frameworks */ = {
			isa = PBXGroup;
			children = (
				39C6E621144D67A1A393F608 /* Pods_EbayApp.framework */,
			);
			name = Frameworks;
			sourceTree = "<group>";
		};
		CB504E9CB9784F3713D55DA8 /* Pods */ = {
			isa = PBXGroup;
			children = (
				5354AACE7C1257DA0A1F0840 /* Pods-EbayApp.debug.xcconfig */,
				CC4F45024E618C4D276A40FE /* Pods-EbayApp.release.xcconfig */,
			);
			path = Pods;
			sourceTree = "<group>";
		};
/* End PBXGroup section */

/* Begin PBXNativeTarget section */
		282F91FC226EDDFB00222A5F /* EbayApp */ = {
			isa = PBXNativeTarget;
			buildConfigurationList = 282F920F226EDDFD00222A5F /* Build configuration list for PBXNativeTarget "EbayApp" */;
			buildPhases = (
				DEF10A9F3EE29E29B85425DE /* [CP] Check Pods Manifest.lock */,
				282F91F9226EDDFB00222A5F /* Sources */,
				282F91FA226EDDFB00222A5F /* Frameworks */,
				282F91FB226EDDFB00222A5F /* Resources */,
				C88773E4A17C861AEAFD5C08 /* [CP] Embed Pods Frameworks */,
			);
			buildRules = (
			);
			dependencies = (
			);
			name = EbayApp;
			productName = EbayApp;
			productReference = 282F91FD226EDDFB00222A5F /* EbayApp.app */;
			productType = "com.apple.product-type.application";
		};
/* End PBXNativeTarget section */

/* Begin PBXProject section */
		282F91F5226EDDFB00222A5F /* Project object */ = {
			isa = PBXProject;
			attributes = {
				LastSwiftUpdateCheck = 1020;
				LastUpgradeCheck = 1020;
				ORGANIZATIONNAME = "Deyi Kong";
				TargetAttributes = {
					282F91FC226EDDFB00222A5F = {
						CreatedOnToolsVersion = 10.2.1;
					};
				};
			};
			buildConfigurationList = 282F91F8226EDDFB00222A5F /* Build configuration list for PBXProject "EbayApp" */;
			compatibilityVersion = "Xcode 9.3";
			developmentRegion = en;
			hasScannedForEncodings = 0;
			knownRegions = (
				en,
				Base,
			);
			mainGroup = 282F91F4226EDDFB00222A5F;
			productRefGroup = 282F91FE226EDDFB00222A5F /* Products */;
			projectDirPath = "";
			projectRoot = "";
			targets = (
				282F91FC226EDDFB00222A5F /* EbayApp */,
			);
		};
/* End PBXProject section */

/* Begin PBXResourcesBuildPhase section */
		282F91FB226EDDFB00222A5F /* Resources */ = {
			isa = PBXResourcesBuildPhase;
			buildActionMask = 2147483647;
			files = (
				282F920B226EDDFD00222A5F /* LaunchScreen.storyboard in Resources */,
				282F9208226EDDFD00222A5F /* Assets.xcassets in Resources */,
				282F9206226EDDFB00222A5F /* Main.storyboard in Resources */,
			);
			runOnlyForDeploymentPostprocessing = 0;
		};
/* End PBXResourcesBuildPhase section */

/* Begin PBXShellScriptBuildPhase section */
		C88773E4A17C861AEAFD5C08 /* [CP] Embed Pods Frameworks */ = {
			isa = PBXShellScriptBuildPhase;
			buildActionMask = 2147483647;
			files = (
			);
			inputFileListPaths = (
			);
			inputPaths = (
				"${PODS_ROOT}/Target Support Files/Pods-EbayApp/Pods-EbayApp-frameworks.sh",
				"${BUILT_PRODUCTS_DIR}/Alamofire/Alamofire.framework",
				"${BUILT_PRODUCTS_DIR}/AlamofireImage/AlamofireImage.framework",
				"${BUILT_PRODUCTS_DIR}/Bolts/Bolts.framework",
				"${BUILT_PRODUCTS_DIR}/FBSDKCoreKit/FBSDKCoreKit.framework",
				"${BUILT_PRODUCTS_DIR}/FBSDKShareKit/FBSDKShareKit.framework",
				"${BUILT_PRODUCTS_DIR}/McPicker/McPicker.framework",
				"${BUILT_PRODUCTS_DIR}/SwiftSpinner/SwiftSpinner.framework",
				"${BUILT_PRODUCTS_DIR}/SwiftyJSON/SwiftyJSON.framework",
				"${BUILT_PRODUCTS_DIR}/Toast-Swift/Toast_Swift.framework",
			);
			name = "[CP] Embed Pods Frameworks";
			outputFileListPaths = (
			);
			outputPaths = (
				"${TARGET_BUILD_DIR}/${FRAMEWORKS_FOLDER_PATH}/Alamofire.framework",
				"${TARGET_BUILD_DIR}/${FRAMEWORKS_FOLDER_PATH}/AlamofireImage.framework",
				"${TARGET_BUILD_DIR}/${FRAMEWORKS_FOLDER_PATH}/Bolts.framework",
				"${TARGET_BUILD_DIR}/${FRAMEWORKS_FOLDER_PATH}/FBSDKCoreKit.framework",
				"${TARGET_BUILD_DIR}/${FRAMEWORKS_FOLDER_PATH}/FBSDKShareKit.framework",
				"${TARGET_BUILD_DIR}/${FRAMEWORKS_FOLDER_PATH}/McPicker.framework",
				"${TARGET_BUILD_DIR}/${FRAMEWORKS_FOLDER_PATH}/SwiftSpinner.framework",
				"${TARGET_BUILD_DIR}/${FRAMEWORKS_FOLDER_PATH}/SwiftyJSON.framework",
				"${TARGET_BUILD_DIR}/${FRAMEWORKS_FOLDER_PATH}/Toast_Swift.framework",
			);
			runOnlyForDeploymentPostprocessing = 0;
			shellPath = /bin/sh;
			shellScript = "\"${PODS_ROOT}/Target Support Files/Pods-EbayApp/Pods-EbayApp-frameworks.sh\"\n";
			showEnvVarsInLog = 0;
		};
		DEF10A9F3EE29E29B85425DE /* [CP] Check Pods Manifest.lock */ = {
			isa = PBXShellScriptBuildPhase;
			buildActionMask = 2147483647;
			files = (
			);
			inputFileListPaths = (
			);
			inputPaths = (
				"${PODS_PODFILE_DIR_PATH}/Podfile.lock",
				"${PODS_ROOT}/Manifest.lock",
			);
			name = "[CP] Check Pods Manifest.lock";
			outputFileListPaths = (
			);
			outputPaths = (
				"$(DERIVED_FILE_DIR)/Pods-EbayApp-checkManifestLockResult.txt",
			);
			runOnlyForDeploymentPostprocessing = 0;
			shellPath = /bin/sh;
			shellScript = "diff \"${PODS_PODFILE_DIR_PATH}/Podfile.lock\" \"${PODS_ROOT}/Manifest.lock\" > /dev/null\nif [ $? != 0 ] ; then\n    # print error to STDERR\n    echo \"error: The sandbox is not in sync with the Podfile.lock. Run 'pod install' or update your CocoaPods installation.\" >&2\n    exit 1\nfi\n# This output is used by Xcode 'outputs' to avoid re-running this script phase.\necho \"SUCCESS\" > \"${SCRIPT_OUTPUT_FILE_0}\"\n";
			showEnvVarsInLog = 0;
		};
/* End PBXShellScriptBuildPhase section */

/* Begin PBXSourcesBuildPhase section */
		282F91F9226EDDFB00222A5F /* Sources */ = {
			isa = PBXSourcesBuildPhase;
			buildActionMask = 2147483647;
			files = (
				286D7B982270568E005A034A /* WishHeart.swift in Sources */,
				286D7B9222700A86005A034A /* Item.swift in Sources */,
				286D7B9E22716039005A034A /* ShippingTabViewController.swift in Sources */,
				286D7B9C22715F4A005A034A /* InfoTabViewController.swift in Sources */,
				286D7B9A22713AEC005A034A /* ItemDetailViewController.swift in Sources */,
				282F9203226EDDFB00222A5F /* ViewController.swift in Sources */,
				286D7B94227021A0005A034A /* ItemTableViewCell.swift in Sources */,
				286D7BA022716056005A034A /* PhotosTabViewController.swift in Sources */,
				282F9201226EDDFB00222A5F /* AppDelegate.swift in Sources */,
				286D7BA22271606C005A034A /* SimilarTabViewController.swift in Sources */,
				286D7B96227025AB005A034A /* ItemTableViewController.swift in Sources */,
				282F9213226FE0D400222A5F /* CheckBox.swift in Sources */,
			);
			runOnlyForDeploymentPostprocessing = 0;
		};
/* End PBXSourcesBuildPhase section */

/* Begin PBXVariantGroup section */
		282F9204226EDDFB00222A5F /* Main.storyboard */ = {
			isa = PBXVariantGroup;
			children = (
				282F9205226EDDFB00222A5F /* Base */,
			);
			name = Main.storyboard;
			sourceTree = "<group>";
		};
		282F9209226EDDFD00222A5F /* LaunchScreen.storyboard */ = {
			isa = PBXVariantGroup;
			children = (
				282F920A226EDDFD00222A5F /* Base */,
			);
			name = LaunchScreen.storyboard;
			sourceTree = "<group>";
		};
/* End PBXVariantGroup section */

/* Begin XCBuildConfiguration section */
		282F920D226EDDFD00222A5F /* Debug */ = {
			isa = XCBuildConfiguration;
			buildSettings = {
				ALWAYS_SEARCH_USER_PATHS = NO;
				CLANG_ANALYZER_NONNULL = YES;
				CLANG_ANALYZER_NUMBER_OBJECT_CONVERSION = YES_AGGRESSIVE;
				CLANG_CXX_LANGUAGE_STANDARD = "gnu++14";
				CLANG_CXX_LIBRARY = "libc++";
				CLANG_ENABLE_MODULES = YES;
				CLANG_ENABLE_OBJC_ARC = YES;
				CLANG_ENABLE_OBJC_WEAK = YES;
				CLANG_WARN_BLOCK_CAPTURE_AUTORELEASING = YES;
				CLANG_WARN_BOOL_CONVERSION = YES;
				CLANG_WARN_COMMA = YES;
				CLANG_WARN_CONSTANT_CONVERSION = YES;
				CLANG_WARN_DEPRECATED_OBJC_IMPLEMENTATIONS = YES;
				CLANG_WARN_DIRECT_OBJC_ISA_USAGE = YES_ERROR;
				CLANG_WARN_DOCUMENTATION_COMMENTS = YES;
				CLANG_WARN_EMPTY_BODY = YES;
				CLANG_WARN_ENUM_CONVERSION = YES;
				CLANG_WARN_INFINITE_RECURSION = YES;
				CLANG_WARN_INT_CONVERSION = YES;
				CLANG_WARN_NON_LITERAL_NULL_CONVERSION = YES;
				CLANG_WARN_OBJC_IMPLICIT_RETAIN_SELF = YES;
				CLANG_WARN_OBJC_LITERAL_CONVERSION = YES;
				CLANG_WARN_OBJC_ROOT_CLASS = YES_ERROR;
				CLANG_WARN_RANGE_LOOP_ANALYSIS = YES;
				CLANG_WARN_STRICT_PROTOTYPES = YES;
				CLANG_WARN_SUSPICIOUS_MOVE = YES;
				CLANG_WARN_UNGUARDED_AVAILABILITY = YES_AGGRESSIVE;
				CLANG_WARN_UNREACHABLE_CODE = YES;
				CLANG_WARN__DUPLICATE_METHOD_MATCH = YES;
				CODE_SIGN_IDENTITY = "iPhone Developer";
				COPY_PHASE_STRIP = NO;
				DEBUG_INFORMATION_FORMAT = dwarf;
				ENABLE_STRICT_OBJC_MSGSEND = YES;
				ENABLE_TESTABILITY = YES;
				GCC_C_LANGUAGE_STANDARD = gnu11;
				GCC_DYNAMIC_NO_PIC = NO;
				GCC_NO_COMMON_BLOCKS = YES;
				GCC_OPTIMIZATION_LEVEL = 0;
				GCC_PREPROCESSOR_DEFINITIONS = (
					"DEBUG=1",
					"$(inherited)",
				);
				GCC_WARN_64_TO_32_BIT_CONVERSION = YES;
				GCC_WARN_ABOUT_RETURN_TYPE = YES_ERROR;
				GCC_WARN_UNDECLARED_SELECTOR = YES;
				GCC_WARN_UNINITIALIZED_AUTOS = YES_AGGRESSIVE;
				GCC_WARN_UNUSED_FUNCTION = YES;
				GCC_WARN_UNUSED_VARIABLE = YES;
				IPHONEOS_DEPLOYMENT_TARGET = 12.2;
				MTL_ENABLE_DEBUG_INFO = INCLUDE_SOURCE;
				MTL_FAST_MATH = YES;
				ONLY_ACTIVE_ARCH = YES;
				SDKROOT = iphoneos;
				SWIFT_ACTIVE_COMPILATION_CONDITIONS = DEBUG;
				SWIFT_OPTIMIZATION_LEVEL = "-Onone";
			};
			name = Debug;
		};
		282F920E226EDDFD00222A5F /* Release */ = {
			isa = XCBuildConfiguration;
			buildSettings = {
				ALWAYS_SEARCH_USER_PATHS = NO;
				CLANG_ANALYZER_NONNULL = YES;
				CLANG_ANALYZER_NUMBER_OBJECT_CONVERSION = YES_AGGRESSIVE;
				CLANG_CXX_LANGUAGE_STANDARD = "gnu++14";
				CLANG_CXX_LIBRARY = "libc++";
				CLANG_ENABLE_MODULES = YES;
				CLANG_ENABLE_OBJC_ARC = YES;
				CLANG_ENABLE_OBJC_WEAK = YES;
				CLANG_WARN_BLOCK_CAPTURE_AUTORELEASING = YES;
				CLANG_WARN_BOOL_CONVERSION = YES;
				CLANG_WARN_COMMA = YES;
				CLANG_WARN_CONSTANT_CONVERSION = YES;
				CLANG_WARN_DEPRECATED_OBJC_IMPLEMENTATIONS = YES;
				CLANG_WARN_DIRECT_OBJC_ISA_USAGE = YES_ERROR;
				CLANG_WARN_DOCUMENTATION_COMMENTS = YES;
				CLANG_WARN_EMPTY_BODY = YES;
				CLANG_WARN_ENUM_CONVERSION = YES;
				CLANG_WARN_INFINITE_RECURSION = YES;
				CLANG_WARN_INT_CONVERSION = YES;
				CLANG_WARN_NON_LITERAL_NULL_CONVERSION = YES;
				CLANG_WARN_OBJC_IMPLICIT_RETAIN_SELF = YES;
				CLANG_WARN_OBJC_LITERAL_CONVERSION = YES;
				CLANG_WARN_OBJC_ROOT_CLASS = YES_ERROR;
				CLANG_WARN_RANGE_LOOP_ANALYSIS = YES;
				CLANG_WARN_STRICT_PROTOTYPES = YES;
				CLANG_WARN_SUSPICIOUS_MOVE = YES;
				CLANG_WARN_UNGUARDED_AVAILABILITY = YES_AGGRESSIVE;
				CLANG_WARN_UNREACHABLE_CODE = YES;
				CLANG_WARN__DUPLICATE_METHOD_MATCH = YES;
				CODE_SIGN_IDENTITY = "iPhone Developer";
				COPY_PHASE_STRIP = NO;
				DEBUG_INFORMATION_FORMAT = "dwarf-with-dsym";
				ENABLE_NS_ASSERTIONS = NO;
				ENABLE_STRICT_OBJC_MSGSEND = YES;
				GCC_C_LANGUAGE_STANDARD = gnu11;
				GCC_NO_COMMON_BLOCKS = YES;
				GCC_WARN_64_TO_32_BIT_CONVERSION = YES;
				GCC_WARN_ABOUT_RETURN_TYPE = YES_ERROR;
				GCC_WARN_UNDECLARED_SELECTOR = YES;
				GCC_WARN_UNINITIALIZED_AUTOS = YES_AGGRESSIVE;
				GCC_WARN_UNUSED_FUNCTION = YES;
				GCC_WARN_UNUSED_VARIABLE = YES;
				IPHONEOS_DEPLOYMENT_TARGET = 12.2;
				MTL_ENABLE_DEBUG_INFO = NO;
				MTL_FAST_MATH = YES;
				SDKROOT = iphoneos;
				SWIFT_COMPILATION_MODE = wholemodule;
				SWIFT_OPTIMIZATION_LEVEL = "-O";
				VALIDATE_PRODUCT = YES;
			};
			name = Release;
		};
		282F9210226EDDFD00222A5F /* Debug */ = {
			isa = XCBuildConfiguration;
			baseConfigurationReference = 5354AACE7C1257DA0A1F0840 /* Pods-EbayApp.debug.xcconfig */;
			buildSettings = {
				ASSETCATALOG_COMPILER_APPICON_NAME = AppIcon;
				CODE_SIGN_STYLE = Automatic;
				INFOPLIST_FILE = EbayApp/Info.plist;
				LD_RUNPATH_SEARCH_PATHS = (
					"$(inherited)",
					"@executable_path/Frameworks",
				);
				PRODUCT_BUNDLE_IDENTIFIER = com.hws.EbayApp;
				PRODUCT_NAME = "$(TARGET_NAME)";
				SWIFT_VERSION = 5.0;
				TARGETED_DEVICE_FAMILY = "1,2";
			};
			name = Debug;
		};
		282F9211226EDDFD00222A5F /* Release */ = {
			isa = XCBuildConfiguration;
			baseConfigurationReference = CC4F45024E618C4D276A40FE /* Pods-EbayApp.release.xcconfig */;
			buildSettings = {
				ASSETCATALOG_COMPILER_APPICON_NAME = AppIcon;
				CODE_SIGN_STYLE = Automatic;
				INFOPLIST_FILE = EbayApp/Info.plist;
				LD_RUNPATH_SEARCH_PATHS = (
					"$(inherited)",
					"@executable_path/Frameworks",
				);
				PRODUCT_BUNDLE_IDENTIFIER = com.hws.EbayApp;
				PRODUCT_NAME = "$(TARGET_NAME)";
				SWIFT_VERSION = 5.0;
				TARGETED_DEVICE_FAMILY = "1,2";
			};
			name = Release;
		};
/* End XCBuildConfiguration section */

/* Begin XCConfigurationList section */
		282F91F8226EDDFB00222A5F /* Build configuration list for PBXProject "EbayApp" */ = {
			isa = XCConfigurationList;
			buildConfigurations = (
				282F920D226EDDFD00222A5F /* Debug */,
				282F920E226EDDFD00222A5F /* Release */,
			);
			defaultConfigurationIsVisible = 0;
			defaultConfigurationName = Release;
		};
		282F920F226EDDFD00222A5F /* Build configuration list for PBXNativeTarget "EbayApp" */ = {
			isa = XCConfigurationList;
			buildConfigurations = (
				282F9210226EDDFD00222A5F /* Debug */,
				282F9211226EDDFD00222A5F /* Release */,
			);
			defaultConfigurationIsVisible = 0;
			defaultConfigurationName = Release;
		};
/* End XCConfigurationList section */
	};
	rootObject = 282F91F5226EDDFB00222A5F /* Project object */;
}
